// !$*UTF8*$!
{
	archiveVersion = 1;
	classes = {
	};
	objectVersion = 50;
	objects = {

/* Begin PBXBuildFile section */
		1735B730247BC78200F081A1 /* Basic.storyboard in Resources */ = {isa = PBXBuildFile; fileRef = 1735B72F247BC78200F081A1 /* Basic.storyboard */; };
		1735B732247BC7AD00F081A1 /* FirstViewController.swift in Sources */ = {isa = PBXBuildFile; fileRef = 1735B731247BC7AD00F081A1 /* FirstViewController.swift */; };
		1735B734247BC7BA00F081A1 /* SecondViewController.swift in Sources */ = {isa = PBXBuildFile; fileRef = 1735B733247BC7BA00F081A1 /* SecondViewController.swift */; };
		1735B736247BC83000F081A1 /* Protocols.swift in Sources */ = {isa = PBXBuildFile; fileRef = 1735B735247BC83000F081A1 /* Protocols.swift */; };
		1737C363247626AC00A5B569 /* StepperView.swift in Sources */ = {isa = PBXBuildFile; fileRef = 1737C362247626AC00A5B569 /* StepperView.swift */; };
		1737C365247626BA00A5B569 /* Stepper.xib in Resources */ = {isa = PBXBuildFile; fileRef = 1737C364247626BA00A5B569 /* Stepper.xib */; };
		1737C367247627B800A5B569 /* StepViewController.swift in Sources */ = {isa = PBXBuildFile; fileRef = 1737C366247627B800A5B569 /* StepViewController.swift */; };
		17847DAF24750296006356C7 /* AppDelegate.swift in Sources */ = {isa = PBXBuildFile; fileRef = 17847DAE24750296006356C7 /* AppDelegate.swift */; };
		17847DB124750296006356C7 /* SceneDelegate.swift in Sources */ = {isa = PBXBuildFile; fileRef = 17847DB024750296006356C7 /* SceneDelegate.swift */; };
		17847DB324750296006356C7 /* HomeVC.swift in Sources */ = {isa = PBXBuildFile; fileRef = 17847DB224750296006356C7 /* HomeVC.swift */; };
		17847DB624750296006356C7 /* Main.storyboard in Resources */ = {isa = PBXBuildFile; fileRef = 17847DB424750296006356C7 /* Main.storyboard */; };
		17847DB824750298006356C7 /* Assets.xcassets in Resources */ = {isa = PBXBuildFile; fileRef = 17847DB724750298006356C7 /* Assets.xcassets */; };
		17847DBB24750298006356C7 /* LaunchScreen.storyboard in Resources */ = {isa = PBXBuildFile; fileRef = 17847DB924750298006356C7 /* LaunchScreen.storyboard */; };
		17847DDC24751344006356C7 /* SelectPetVC.swift in Sources */ = {isa = PBXBuildFile; fileRef = 17847DDB24751344006356C7 /* SelectPetVC.swift */; };
/* End PBXBuildFile section */

/* Begin PBXFileReference section */
		1735B72F247BC78200F081A1 /* Basic.storyboard */ = {isa = PBXFileReference; lastKnownFileType = file.storyboard; path = Basic.storyboard; sourceTree = "<group>"; };
		1735B731247BC7AD00F081A1 /* FirstViewController.swift */ = {isa = PBXFileReference; lastKnownFileType = sourcecode.swift; path = FirstViewController.swift; sourceTree = "<group>"; };
		1735B733247BC7BA00F081A1 /* SecondViewController.swift */ = {isa = PBXFileReference; lastKnownFileType = sourcecode.swift; path = SecondViewController.swift; sourceTree = "<group>"; };
		1735B735247BC83000F081A1 /* Protocols.swift */ = {isa = PBXFileReference; lastKnownFileType = sourcecode.swift; path = Protocols.swift; sourceTree = "<group>"; };
		1737C362247626AC00A5B569 /* StepperView.swift */ = {isa = PBXFileReference; lastKnownFileType = sourcecode.swift; path = StepperView.swift; sourceTree = "<group>"; };
		1737C364247626BA00A5B569 /* Stepper.xib */ = {isa = PBXFileReference; lastKnownFileType = file.xib; path = Stepper.xib; sourceTree = "<group>"; };
		1737C366247627B800A5B569 /* StepViewController.swift */ = {isa = PBXFileReference; lastKnownFileType = sourcecode.swift; path = StepViewController.swift; sourceTree = "<group>"; };
		17847DAB24750296006356C7 /* AppDemo.app */ = {isa = PBXFileReference; explicitFileType = wrapper.application; includeInIndex = 0; path = AppDemo.app; sourceTree = BUILT_PRODUCTS_DIR; };
		17847DAE24750296006356C7 /* AppDelegate.swift */ = {isa = PBXFileReference; lastKnownFileType = sourcecode.swift; path = AppDelegate.swift; sourceTree = "<group>"; };
		17847DB024750296006356C7 /* SceneDelegate.swift */ = {isa = PBXFileReference; lastKnownFileType = sourcecode.swift; path = SceneDelegate.swift; sourceTree = "<group>"; };
		17847DB224750296006356C7 /* HomeVC.swift */ = {isa = PBXFileReference; lastKnownFileType = sourcecode.swift; path = HomeVC.swift; sourceTree = "<group>"; };
		17847DB524750296006356C7 /* Base */ = {isa = PBXFileReference; lastKnownFileType = file.storyboard; name = Base; path = Base.lproj/Main.storyboard; sourceTree = "<group>"; };
		17847DB724750298006356C7 /* Assets.xcassets */ = {isa = PBXFileReference; lastKnownFileType = folder.assetcatalog; path = Assets.xcassets; sourceTree = "<group>"; };
		17847DBA24750298006356C7 /* Base */ = {isa = PBXFileReference; lastKnownFileType = file.storyboard; name = Base; path = Base.lproj/LaunchScreen.storyboard; sourceTree = "<group>"; };
		17847DBC24750298006356C7 /* Info.plist */ = {isa = PBXFileReference; lastKnownFileType = text.plist.xml; path = Info.plist; sourceTree = "<group>"; };
		17847DDB24751344006356C7 /* SelectPetVC.swift */ = {isa = PBXFileReference; lastKnownFileType = sourcecode.swift; path = SelectPetVC.swift; sourceTree = "<group>"; };
/* End PBXFileReference section */

/* Begin PBXFrameworksBuildPhase section */
		17847DA824750296006356C7 /* Frameworks */ = {
			isa = PBXFrameworksBuildPhase;
			buildActionMask = 2147483647;
			files = (
			);
			runOnlyForDeploymentPostprocessing = 0;
		};
/* End PBXFrameworksBuildPhase section */

/* Begin PBXGroup section */
		1735767024791EF70021157D /* Basic */ = {
			isa = PBXGroup;
			children = (
				1735B735247BC83000F081A1 /* Protocols.swift */,
				1735B72F247BC78200F081A1 /* Basic.storyboard */,
				1735B731247BC7AD00F081A1 /* FirstViewController.swift */,
				1735B733247BC7BA00F081A1 /* SecondViewController.swift */,
			);
			path = Basic;
			sourceTree = "<group>";
		};
		1737C3612476267000A5B569 /* XibToView */ = {
			isa = PBXGroup;
			children = (
				1737C362247626AC00A5B569 /* StepperView.swift */,
				1737C364247626BA00A5B569 /* Stepper.xib */,
				1737C366247627B800A5B569 /* StepViewController.swift */,
			);
			path = XibToView;
			sourceTree = "<group>";
		};
		17847DA224750296006356C7 = {
			isa = PBXGroup;
			children = (
				17847DAD24750296006356C7 /* AppDemo */,
				17847DAC24750296006356C7 /* Products */,
			);
			sourceTree = "<group>";
		};
		17847DAC24750296006356C7 /* Products */ = {
			isa = PBXGroup;
			children = (
				17847DAB24750296006356C7 /* AppDemo.app */,
			);
			name = Products;
			sourceTree = "<group>";
		};
		17847DAD24750296006356C7 /* AppDemo */ = {
			isa = PBXGroup;
			children = (
				1735767024791EF70021157D /* Basic */,
				1737C3612476267000A5B569 /* XibToView */,
				17847DAE24750296006356C7 /* AppDelegate.swift */,
				17847DB024750296006356C7 /* SceneDelegate.swift */,
				17847DB224750296006356C7 /* HomeVC.swift */,
				17847DB424750296006356C7 /* Main.storyboard */,
				17847DDB24751344006356C7 /* SelectPetVC.swift */,
				17847DB724750298006356C7 /* Assets.xcassets */,
				17847DB924750298006356C7 /* LaunchScreen.storyboard */,
				17847DBC24750298006356C7 /* Info.plist */,
			);
			path = AppDemo;
			sourceTree = "<group>";
		};
/* End PBXGroup section */

/* Begin PBXNativeTarget section */
		17847DAA24750296006356C7 /* AppDemo */ = {
			isa = PBXNativeTarget;
			buildConfigurationList = 17847DBF24750298006356C7 /* Build configuration list for PBXNativeTarget "AppDemo" */;
			buildPhases = (
				17847DA724750296006356C7 /* Sources */,
				17847DA824750296006356C7 /* Frameworks */,
				17847DA924750296006356C7 /* Resources */,
			);
			buildRules = (
			);
			dependencies = (
			);
			name = AppDemo;
			productName = AppDemo;
			productReference = 17847DAB24750296006356C7 /* AppDemo.app */;
			productType = "com.apple.product-type.application";
		};
/* End PBXNativeTarget section */

/* Begin PBXProject section */
		17847DA324750296006356C7 /* Project object */ = {
			isa = PBXProject;
			attributes = {
				LastSwiftUpdateCheck = 1130;
				LastUpgradeCheck = 1130;
				ORGANIZATIONNAME = "Supanut LDM";
				TargetAttributes = {
					17847DAA24750296006356C7 = {
						CreatedOnToolsVersion = 11.3;
					};
				};
			};
			buildConfigurationList = 17847DA624750296006356C7 /* Build configuration list for PBXProject "AppDemo" */;
			compatibilityVersion = "Xcode 9.3";
			developmentRegion = en;
			hasScannedForEncodings = 0;
			knownRegions = (
				en,
				Base,
			);
			mainGroup = 17847DA224750296006356C7;
			productRefGroup = 17847DAC24750296006356C7 /* Products */;
			projectDirPath = "";
			projectRoot = "";
			targets = (
				17847DAA24750296006356C7 /* AppDemo */,
			);
		};
/* End PBXProject section */

/* Begin PBXResourcesBuildPhase section */
		17847DA924750296006356C7 /* Resources */ = {
			isa = PBXResourcesBuildPhase;
			buildActionMask = 2147483647;
			files = (
				17847DBB24750298006356C7 /* LaunchScreen.storyboard in Resources */,
				17847DB824750298006356C7 /* Assets.xcassets in Resources */,
				17847DB624750296006356C7 /* Main.storyboard in Resources */,
				1737C365247626BA00A5B569 /* Stepper.xib in Resources */,
				1735B730247BC78200F081A1 /* Basic.storyboard in Resources */,
			);
			runOnlyForDeploymentPostprocessing = 0;
		};
/* End PBXResourcesBuildPhase section */

/* Begin PBXSourcesBuildPhase section */
		17847DA724750296006356C7 /* Sources */ = {
			isa = PBXSourcesBuildPhase;
			buildActionMask = 2147483647;
			files = (
				1735B734247BC7BA00F081A1 /* SecondViewController.swift in Sources */,
				17847DB324750296006356C7 /* HomeVC.swift in Sources */,
				17847DAF24750296006356C7 /* AppDelegate.swift in Sources */,
				1735B736247BC83000F081A1 /* Protocols.swift in Sources */,
				1737C367247627B800A5B569 /* StepViewController.swift in Sources */,
				1737C363247626AC00A5B569 /* StepperView.swift in Sources */,
				17847DDC24751344006356C7 /* SelectPetVC.swift in Sources */,
				17847DB124750296006356C7 /* SceneDelegate.swift in Sources */,
				1735B732247BC7AD00F081A1 /* FirstViewController.swift in Sources */,
			);
			runOnlyForDeploymentPostprocessing = 0;
		};
/* End PBXSourcesBuildPhase section */

/* Begin PBXVariantGroup section */
		17847DB424750296006356C7 /* Main.storyboard */ = {
			isa = PBXVariantGroup;
			children = (
				17847DB524750296006356C7 /* Base */,
			);
			name = Main.storyboard;
			sourceTree = "<group>";
		};
		17847DB924750298006356C7 /* LaunchScreen.storyboard */ = {
			isa = PBXVariantGroup;
			children = (
				17847DBA24750298006356C7 /* Base */,
			);
			name = LaunchScreen.storyboard;
			sourceTree = "<group>";
		};
/* End PBXVariantGroup section */

/* Begin XCBuildConfiguration section */
		17847DBD24750298006356C7 /* Debug */ = {
			isa = XCBuildConfiguration;
			buildSettings = {
				ALWAYS_SEARCH_USER_PATHS = NO;
				CLANG_ANALYZER_NONNULL = YES;
				CLANG_ANALYZER_NUMBER_OBJECT_CONVERSION = YES_AGGRESSIVE;
				CLANG_CXX_LANGUAGE_STANDARD = "gnu++14";
				CLANG_CXX_LIBRARY = "libc++";
				CLANG_ENABLE_MODULES = YES;
				CLANG_ENABLE_OBJC_ARC = YES;
				CLANG_ENABLE_OBJC_WEAK = YES;
				CLANG_WARN_BLOCK_CAPTURE_AUTORELEASING = YES;
				CLANG_WARN_BOOL_CONVERSION = YES;
				CLANG_WARN_COMMA = YES;
				CLANG_WARN_CONSTANT_CONVERSION = YES;
				CLANG_WARN_DEPRECATED_OBJC_IMPLEMENTATIONS = YES;
				CLANG_WARN_DIRECT_OBJC_ISA_USAGE = YES_ERROR;
				CLANG_WARN_DOCUMENTATION_COMMENTS = YES;
				CLANG_WARN_EMPTY_BODY = YES;
				CLANG_WARN_ENUM_CONVERSION = YES;
				CLANG_WARN_INFINITE_RECURSION = YES;
				CLANG_WARN_INT_CONVERSION = YES;
				CLANG_WARN_NON_LITERAL_NULL_CONVERSION = YES;
				CLANG_WARN_OBJC_IMPLICIT_RETAIN_SELF = YES;
				CLANG_WARN_OBJC_LITERAL_CONVERSION = YES;
				CLANG_WARN_OBJC_ROOT_CLASS = YES_ERROR;
				CLANG_WARN_RANGE_LOOP_ANALYSIS = YES;
				CLANG_WARN_STRICT_PROTOTYPES = YES;
				CLANG_WARN_SUSPICIOUS_MOVE = YES;
				CLANG_WARN_UNGUARDED_AVAILABILITY = YES_AGGRESSIVE;
				CLANG_WARN_UNREACHABLE_CODE = YES;
				CLANG_WARN__DUPLICATE_METHOD_MATCH = YES;
				COPY_PHASE_STRIP = NO;
				DEBUG_INFORMATION_FORMAT = dwarf;
				ENABLE_STRICT_OBJC_MSGSEND = YES;
				ENABLE_TESTABILITY = YES;
				GCC_C_LANGUAGE_STANDARD = gnu11;
				GCC_DYNAMIC_NO_PIC = NO;
				GCC_NO_COMMON_BLOCKS = YES;
				GCC_OPTIMIZATION_LEVEL = 0;
				GCC_PREPROCESSOR_DEFINITIONS = (
					"DEBUG=1",
					"$(inherited)",
				);
				GCC_WARN_64_TO_32_BIT_CONVERSION = YES;
				GCC_WARN_ABOUT_RETURN_TYPE = YES_ERROR;
				GCC_WARN_UNDECLARED_SELECTOR = YES;
				GCC_WARN_UNINITIALIZED_AUTOS = YES_AGGRESSIVE;
				GCC_WARN_UNUSED_FUNCTION = YES;
				GCC_WARN_UNUSED_VARIABLE = YES;
				IPHONEOS_DEPLOYMENT_TARGET = 13.2;
				MTL_ENABLE_DEBUG_INFO = INCLUDE_SOURCE;
				MTL_FAST_MATH = YES;
				ONLY_ACTIVE_ARCH = YES;
				SDKROOT = iphoneos;
				SWIFT_ACTIVE_COMPILATION_CONDITIONS = DEBUG;
				SWIFT_OPTIMIZATION_LEVEL = "-Onone";
			};
			name = Debug;
		};
		17847DBE24750298006356C7 /* Release */ = {
			isa = XCBuildConfiguration;
			buildSettings = {
				ALWAYS_SEARCH_USER_PATHS = NO;
				CLANG_ANALYZER_NONNULL = YES;
				CLANG_ANALYZER_NUMBER_OBJECT_CONVERSION = YES_AGGRESSIVE;
				CLANG_CXX_LANGUAGE_STANDARD = "gnu++14";
				CLANG_CXX_LIBRARY = "libc++";
				CLANG_ENABLE_MODULES = YES;
				CLANG_ENABLE_OBJC_ARC = YES;
				CLANG_ENABLE_OBJC_WEAK = YES;
				CLANG_WARN_BLOCK_CAPTURE_AUTORELEASING = YES;
				CLANG_WARN_BOOL_CONVERSION = YES;
				CLANG_WARN_COMMA = YES;
				CLANG_WARN_CONSTANT_CONVERSION = YES;
				CLANG_WARN_DEPRECATED_OBJC_IMPLEMENTATIONS = YES;
				CLANG_WARN_DIRECT_OBJC_ISA_USAGE = YES_ERROR;
				CLANG_WARN_DOCUMENTATION_COMMENTS = YES;
				CLANG_WARN_EMPTY_BODY = YES;
				CLANG_WARN_ENUM_CONVERSION = YES;
				CLANG_WARN_INFINITE_RECURSION = YES;
				CLANG_WARN_INT_CONVERSION = YES;
				CLANG_WARN_NON_LITERAL_NULL_CONVERSION = YES;
				CLANG_WARN_OBJC_IMPLICIT_RETAIN_SELF = YES;
				CLANG_WARN_OBJC_LITERAL_CONVERSION = YES;
				CLANG_WARN_OBJC_ROOT_CLASS = YES_ERROR;
				CLANG_WARN_RANGE_LOOP_ANALYSIS = YES;
				CLANG_WARN_STRICT_PROTOTYPES = YES;
				CLANG_WARN_SUSPICIOUS_MOVE = YES;
				CLANG_WARN_UNGUARDED_AVAILABILITY = YES_AGGRESSIVE;
				CLANG_WARN_UNREACHABLE_CODE = YES;
				CLANG_WARN__DUPLICATE_METHOD_MATCH = YES;
				COPY_PHASE_STRIP = NO;
				DEBUG_INFORMATION_FORMAT = "dwarf-with-dsym";
				ENABLE_NS_ASSERTIONS = NO;
				ENABLE_STRICT_OBJC_MSGSEND = YES;
				GCC_C_LANGUAGE_STANDARD = gnu11;
				GCC_NO_COMMON_BLOCKS = YES;
				GCC_WARN_64_TO_32_BIT_CONVERSION = YES;
				GCC_WARN_ABOUT_RETURN_TYPE = YES_ERROR;
				GCC_WARN_UNDECLARED_SELECTOR = YES;
				GCC_WARN_UNINITIALIZED_AUTOS = YES_AGGRESSIVE;
				GCC_WARN_UNUSED_FUNCTION = YES;
				GCC_WARN_UNUSED_VARIABLE = YES;
				IPHONEOS_DEPLOYMENT_TARGET = 13.2;
				MTL_ENABLE_DEBUG_INFO = NO;
				MTL_FAST_MATH = YES;
				SDKROOT = iphoneos;
				SWIFT_COMPILATION_MODE = wholemodule;
				SWIFT_OPTIMIZATION_LEVEL = "-O";
				VALIDATE_PRODUCT = YES;
			};
			name = Release;
		};
		17847DC024750298006356C7 /* Debug */ = {
			isa = XCBuildConfiguration;
			buildSettings = {
				ASSETCATALOG_COMPILER_APPICON_NAME = AppIcon;
				CODE_SIGN_STYLE = Automatic;
				DEVELOPMENT_TEAM = QD4KUK365R;
				INFOPLIST_FILE = AppDemo/Info.plist;
				LD_RUNPATH_SEARCH_PATHS = (
					"$(inherited)",
					"@executable_path/Frameworks",
				);
				PRODUCT_BUNDLE_IDENTIFIER = com.supanut.AppDemo;
				PRODUCT_NAME = "$(TARGET_NAME)";
				SWIFT_VERSION = 5.0;
				TARGETED_DEVICE_FAMILY = "1,2";
			};
			name = Debug;
		};
		17847DC124750298006356C7 /* Release */ = {
			isa = XCBuildConfiguration;
			buildSettings = {
				ASSETCATALOG_COMPILER_APPICON_NAME = AppIcon;
				CODE_SIGN_STYLE = Automatic;
				DEVELOPMENT_TEAM = QD4KUK365R;
				INFOPLIST_FILE = AppDemo/Info.plist;
				LD_RUNPATH_SEARCH_PATHS = (
					"$(inherited)",
					"@executable_path/Frameworks",
				);
				PRODUCT_BUNDLE_IDENTIFIER = com.supanut.AppDemo;
				PRODUCT_NAME = "$(TARGET_NAME)";
				SWIFT_VERSION = 5.0;
				TARGETED_DEVICE_FAMILY = "1,2";
			};
			name = Release;
		};
/* End XCBuildConfiguration section */

/* Begin XCConfigurationList section */
		17847DA624750296006356C7 /* Build configuration list for PBXProject "AppDemo" */ = {
			isa = XCConfigurationList;
			buildConfigurations = (
				17847DBD24750298006356C7 /* Debug */,
				17847DBE24750298006356C7 /* Release */,
			);
			defaultConfigurationIsVisible = 0;
			defaultConfigurationName = Release;
		};
		17847DBF24750298006356C7 /* Build configuration list for PBXNativeTarget "AppDemo" */ = {
			isa = XCConfigurationList;
			buildConfigurations = (
				17847DC024750298006356C7 /* Debug */,
				17847DC124750298006356C7 /* Release */,
			);
			defaultConfigurationIsVisible = 0;
			defaultConfigurationName = Release;
		};
/* End XCConfigurationList section */
	};
	rootObject = 17847DA324750296006356C7 /* Project object */;
}
